DEPENDENCIES
  apache2 (~> 3.1)
  apt-cacher-ng
    git: https://github.com/markolson/chef-apt-cacher-ng.git
    revision: 13535e28187a229cc2a2a0ebca37023ee4775b0f
  aptly
  bsw_gpg (~> 0.2.3)
  chef-unattended-upgrades
    git: https://github.com/firstbanco/chef-unattended-upgrades
    revision: 13b0b86386d87ee4d19ae62451ca7f37b9c87d02
  compat_resource
    git: https://github.com/chef-boneyard/compat_resource
    revision: e36200f6b804915b68a4ce74c8b7a293c041d9fe
  docker (~> 10.3.0)
  fail2ban
  filesystem (~> 0.10.6)
  git
  htop
  java
  jenkins
  kernel_module (~> 1.0.1)
  openssh
  resolvconf (~> 0.4.0)
  ruby_build (~> 1.1.0)
  rvm (~> 0.9.4)
  swap (~> 2.0)
  swap_tuning
  sysctl (~> 0.8.0)
  system
  systemd
  user

GRAPH
  apache2 (3.3.1)
  apt (7.5.5)
  apt-cacher-ng (0.1.0)
  aptly (3.1.3)
  ark (6.0.15)
    seven_zip (>= 3.1)
  bsw_gpg (0.2.4)
  chef-unattended-upgrades (1.0.1)
    apt (>= 0.0.0)
  chef_gem (0.1.0)
  compat_resource (12.19.1)
  cron (1.7.6)
  docker (10.3.0)
  dpkg_autostart (0.4.6)
  fail2ban (7.0.11)
    yum-epel (>= 0.0.0)
  filesystem (0.10.6)
    lvm (~> 1.1)
  git (11.2.2)
    ark (>= 0.0.0)
  hostsfile (3.0.1)
  htop (2.0.0)
    yum-repoforge (>= 0.0.0)
  iptables (8.0.0)
  java (11.1.6)
    line (>= 0.0.0)
  jenkins (9.5.10)
    dpkg_autostart (>= 0.0.0)
    yum-epel (>= 0.0.0)
  kernel_module (1.0.1)
  line (4.5.7)
  lvm (1.6.1)
  ohai (5.3.1)
  openssh (2.10.9)
    iptables (>= 7.0)
  resolvconf (0.4.0)
  ruby_build (1.1.0)
    git (>= 0.0.0)
    yum-epel (>= 0.0.0)
  rvm (0.9.4)
    chef_gem (>= 0.0.0)
  seven_zip (4.2.6)
  swap (2.1.0)
    sysctl (>= 0.0.0)
  swap_tuning (0.1.1)
    swap (>= 0.0.0)
  sysctl (0.8.1)
    ohai (>= 4.0)
  system (0.11.3)
    apt (>= 0.0.0)
    cron (~> 1.7)
    hostsfile (>= 0.0.0)
  systemd (3.2.5)
  user (0.7.0)
  yum-epel (4.5.0)
  yum-repoforge (3.0.0)
    yum-epel (>= 0.0.0)
